
Microsoft Visual Studio Solution File, Format Version 12.00
# Visual Studio Version 17
Project("{8BC9CEB8-8B4A-11D0-8D11-00A0C91BC942}") = "ALL_BUILD", "ALL_BUILD.vcxproj", "{85D29650-193F-3EDE-A07C-B9030E8FA89D}"
	ProjectSection(ProjectDependencies) = postProject
		{04352A8B-9A54-3F9A-BE68-12850C1487E1} = {04352A8B-9A54-3F9A-BE68-12850C1487E1}
		{E3538931-4144-3D04-9318-8C5BC0696DC8} = {E3538931-4144-3D04-9318-8C5BC0696DC8}
		{E94CDD6D-E305-316E-9A8D-6B7862BD4441} = {E94CDD6D-E305-316E-9A8D-6B7862BD4441}
		{C2AC6703-9E0B-3981-867E-33DAE2E8CE45} = {C2AC6703-9E0B-3981-867E-33DAE2E8CE45}
		{5A109E19-AC3E-3291-AD91-31B4778D281A} = {5A109E19-AC3E-3291-AD91-31B4778D281A}
	EndProjectSection
EndProject
Project("{8BC9CEB8-8B4A-11D0-8D11-00A0C91BC942}") = "INSTALL", "INSTALL.vcxproj", "{74C86F1F-BB13-373A-BD00-0243CCAF170B}"
	ProjectSection(ProjectDependencies) = postProject
		{85D29650-193F-3EDE-A07C-B9030E8FA89D} = {85D29650-193F-3EDE-A07C-B9030E8FA89D}
		{04352A8B-9A54-3F9A-BE68-12850C1487E1} = {04352A8B-9A54-3F9A-BE68-12850C1487E1}
	EndProjectSection
EndProject
Project("{8BC9CEB8-8B4A-11D0-8D11-00A0C91BC942}") = "ZERO_CHECK", "ZERO_CHECK.vcxproj", "{04352A8B-9A54-3F9A-BE68-12850C1487E1}"
	ProjectSection(ProjectDependencies) = postProject
	EndProjectSection
EndProject
Project("{8BC9CEB8-8B4A-11D0-8D11-00A0C91BC942}") = "glew", "glew.vcxproj", "{E3538931-4144-3D04-9318-8C5BC0696DC8}"
	ProjectSection(ProjectDependencies) = postProject
		{04352A8B-9A54-3F9A-BE68-12850C1487E1} = {04352A8B-9A54-3F9A-BE68-12850C1487E1}
	EndProjectSection
EndProject
Project("{8BC9CEB8-8B4A-11D0-8D11-00A0C91BC942}") = "glew_s", "glew_s.vcxproj", "{E94CDD6D-E305-316E-9A8D-6B7862BD4441}"
	ProjectSection(ProjectDependencies) = postProject
		{04352A8B-9A54-3F9A-BE68-12850C1487E1} = {04352A8B-9A54-3F9A-BE68-12850C1487E1}
	EndProjectSection
EndProject
Project("{8BC9CEB8-8B4A-11D0-8D11-00A0C91BC942}") = "glewinfo", "glewinfo.vcxproj", "{C2AC6703-9E0B-3981-867E-33DAE2E8CE45}"
	ProjectSection(ProjectDependencies) = postProject
		{04352A8B-9A54-3F9A-BE68-12850C1487E1} = {04352A8B-9A54-3F9A-BE68-12850C1487E1}
		{E3538931-4144-3D04-9318-8C5BC0696DC8} = {E3538931-4144-3D04-9318-8C5BC0696DC8}
	EndProjectSection
EndProject
Project("{8BC9CEB8-8B4A-11D0-8D11-00A0C91BC942}") = "uninstall", "uninstall.vcxproj", "{2175D3FF-7741-3DB2-985D-BB1A4D8484C0}"
	ProjectSection(ProjectDependencies) = postProject
		{04352A8B-9A54-3F9A-BE68-12850C1487E1} = {04352A8B-9A54-3F9A-BE68-12850C1487E1}
	EndProjectSection
EndProject
Project("{8BC9CEB8-8B4A-11D0-8D11-00A0C91BC942}") = "visualinfo", "visualinfo.vcxproj", "{5A109E19-AC3E-3291-AD91-31B4778D281A}"
	ProjectSection(ProjectDependencies) = postProject
		{04352A8B-9A54-3F9A-BE68-12850C1487E1} = {04352A8B-9A54-3F9A-BE68-12850C1487E1}
		{E3538931-4144-3D04-9318-8C5BC0696DC8} = {E3538931-4144-3D04-9318-8C5BC0696DC8}
	EndProjectSection
EndProject
Global
	GlobalSection(SolutionConfigurationPlatforms) = preSolution
		Debug|Win32 = Debug|Win32
		Release|Win32 = Release|Win32
		MinSizeRel|Win32 = MinSizeRel|Win32
		RelWithDebInfo|Win32 = RelWithDebInfo|Win32
	EndGlobalSection
	GlobalSection(ProjectConfigurationPlatforms) = postSolution
		{85D29650-193F-3EDE-A07C-B9030E8FA89D}.Debug|Win32.ActiveCfg = Debug|Win32
		{85D29650-193F-3EDE-A07C-B9030E8FA89D}.Debug|Win32.Build.0 = Debug|Win32
		{85D29650-193F-3EDE-A07C-B9030E8FA89D}.Release|Win32.ActiveCfg = Release|Win32
		{85D29650-193F-3EDE-A07C-B9030E8FA89D}.Release|Win32.Build.0 = Release|Win32
		{85D29650-193F-3EDE-A07C-B9030E8FA89D}.MinSizeRel|Win32.ActiveCfg = MinSizeRel|Win32
		{85D29650-193F-3EDE-A07C-B9030E8FA89D}.MinSizeRel|Win32.Build.0 = MinSizeRel|Win32
		{85D29650-193F-3EDE-A07C-B9030E8FA89D}.RelWithDebInfo|Win32.ActiveCfg = RelWithDebInfo|Win32
		{85D29650-193F-3EDE-A07C-B9030E8FA89D}.RelWithDebInfo|Win32.Build.0 = RelWithDebInfo|Win32
		{74C86F1F-BB13-373A-BD00-0243CCAF170B}.Debug|Win32.ActiveCfg = Debug|Win32
		{74C86F1F-BB13-373A-BD00-0243CCAF170B}.Release|Win32.ActiveCfg = Release|Win32
		{74C86F1F-BB13-373A-BD00-0243CCAF170B}.MinSizeRel|Win32.ActiveCfg = MinSizeRel|Win32
		{74C86F1F-BB13-373A-BD00-0243CCAF170B}.RelWithDebInfo|Win32.ActiveCfg = RelWithDebInfo|Win32
		{04352A8B-9A54-3F9A-BE68-12850C1487E1}.Debug|Win32.ActiveCfg = Debug|Win32
		{04352A8B-9A54-3F9A-BE68-12850C1487E1}.Debug|Win32.Build.0 = Debug|Win32
		{04352A8B-9A54-3F9A-BE68-12850C1487E1}.Release|Win32.ActiveCfg = Release|Win32
		{04352A8B-9A54-3F9A-BE68-12850C1487E1}.Release|Win32.Build.0 = Release|Win32
		{04352A8B-9A54-3F9A-BE68-12850C1487E1}.MinSizeRel|Win32.ActiveCfg = MinSizeRel|Win32
		{04352A8B-9A54-3F9A-BE68-12850C1487E1}.MinSizeRel|Win32.Build.0 = MinSizeRel|Win32
		{04352A8B-9A54-3F9A-BE68-12850C1487E1}.RelWithDebInfo|Win32.ActiveCfg = RelWithDebInfo|Win32
		{04352A8B-9A54-3F9A-BE68-12850C1487E1}.RelWithDebInfo|Win32.Build.0 = RelWithDebInfo|Win32
		{E3538931-4144-3D04-9318-8C5BC0696DC8}.Debug|Win32.ActiveCfg = Debug|Win32
		{E3538931-4144-3D04-9318-8C5BC0696DC8}.Debug|Win32.Build.0 = Debug|Win32
		{E3538931-4144-3D04-9318-8C5BC0696DC8}.Release|Win32.ActiveCfg = Release|Win32
		{E3538931-4144-3D04-9318-8C5BC0696DC8}.Release|Win32.Build.0 = Release|Win32
		{E3538931-4144-3D04-9318-8C5BC0696DC8}.MinSizeRel|Win32.ActiveCfg = MinSizeRel|Win32
		{E3538931-4144-3D04-9318-8C5BC0696DC8}.MinSizeRel|Win32.Build.0 = MinSizeRel|Win32
		{E3538931-4144-3D04-9318-8C5BC0696DC8}.RelWithDebInfo|Win32.ActiveCfg = RelWithDebInfo|Win32
		{E3538931-4144-3D04-9318-8C5BC0696DC8}.RelWithDebInfo|Win32.Build.0 = RelWithDebInfo|Win32
		{E94CDD6D-E305-316E-9A8D-6B7862BD4441}.Debug|Win32.ActiveCfg = Debug|Win32
		{E94CDD6D-E305-316E-9A8D-6B7862BD4441}.Debug|Win32.Build.0 = Debug|Win32
		{E94CDD6D-E305-316E-9A8D-6B7862BD4441}.Release|Win32.ActiveCfg = Release|Win32
		{E94CDD6D-E305-316E-9A8D-6B7862BD4441}.Release|Win32.Build.0 = Release|Win32
		{E94CDD6D-E305-316E-9A8D-6B7862BD4441}.MinSizeRel|Win32.ActiveCfg = MinSizeRel|Win32
		{E94CDD6D-E305-316E-9A8D-6B7862BD4441}.MinSizeRel|Win32.Build.0 = MinSizeRel|Win32
		{E94CDD6D-E305-316E-9A8D-6B7862BD4441}.RelWithDebInfo|Win32.ActiveCfg = RelWithDebInfo|Win32
		{E94CDD6D-E305-316E-9A8D-6B7862BD4441}.RelWithDebInfo|Win32.Build.0 = RelWithDebInfo|Win32
		{C2AC6703-9E0B-3981-867E-33DAE2E8CE45}.Debug|Win32.ActiveCfg = Debug|Win32
		{C2AC6703-9E0B-3981-867E-33DAE2E8CE45}.Debug|Win32.Build.0 = Debug|Win32
		{C2AC6703-9E0B-3981-867E-33DAE2E8CE45}.Release|Win32.ActiveCfg = Release|Win32
		{C2AC6703-9E0B-3981-867E-33DAE2E8CE45}.Release|Win32.Build.0 = Release|Win32
		{C2AC6703-9E0B-3981-867E-33DAE2E8CE45}.MinSizeRel|Win32.ActiveCfg = MinSizeRel|Win32
		{C2AC6703-9E0B-3981-867E-33DAE2E8CE45}.MinSizeRel|Win32.Build.0 = MinSizeRel|Win32
		{C2AC6703-9E0B-3981-867E-33DAE2E8CE45}.RelWithDebInfo|Win32.ActiveCfg = RelWithDebInfo|Win32
		{C2AC6703-9E0B-3981-867E-33DAE2E8CE45}.RelWithDebInfo|Win32.Build.0 = RelWithDebInfo|Win32
		{2175D3FF-7741-3DB2-985D-BB1A4D8484C0}.Debug|Win32.ActiveCfg = Debug|Win32
		{2175D3FF-7741-3DB2-985D-BB1A4D8484C0}.Release|Win32.ActiveCfg = Release|Win32
		{2175D3FF-7741-3DB2-985D-BB1A4D8484C0}.MinSizeRel|Win32.ActiveCfg = MinSizeRel|Win32
		{2175D3FF-7741-3DB2-985D-BB1A4D8484C0}.RelWithDebInfo|Win32.ActiveCfg = RelWithDebInfo|Win32
		{5A109E19-AC3E-3291-AD91-31B4778D281A}.Debug|Win32.ActiveCfg = Debug|Win32
		{5A109E19-AC3E-3291-AD91-31B4778D281A}.Debug|Win32.Build.0 = Debug|Win32
		{5A109E19-AC3E-3291-AD91-31B4778D281A}.Release|Win32.ActiveCfg = Release|Win32
		{5A109E19-AC3E-3291-AD91-31B4778D281A}.Release|Win32.Build.0 = Release|Win32
		{5A109E19-AC3E-3291-AD91-31B4778D281A}.MinSizeRel|Win32.ActiveCfg = MinSizeRel|Win32
		{5A109E19-AC3E-3291-AD91-31B4778D281A}.MinSizeRel|Win32.Build.0 = MinSizeRel|Win32
		{5A109E19-AC3E-3291-AD91-31B4778D281A}.RelWithDebInfo|Win32.ActiveCfg = RelWithDebInfo|Win32
		{5A109E19-AC3E-3291-AD91-31B4778D281A}.RelWithDebInfo|Win32.Build.0 = RelWithDebInfo|Win32
	EndGlobalSection
	GlobalSection(ExtensibilityGlobals) = postSolution
		SolutionGuid = {6F6261CB-929F-3F07-B0F3-B54590B060CA}
	EndGlobalSection
	GlobalSection(ExtensibilityAddIns) = postSolution
	EndGlobalSection
EndGlobal
